
Microsoft Visual Studio Solution File, Format Version 12.00
Project("{FAE04EC0-301F-11D3-BF4B-00C04F79EFBC}") = "Tiny42sh", "Tiny42sh\Tiny42sh.csproj", "{99B84553-B1D4-4166-81B7-26F0C16DD309}"
EndProject
Global
	GlobalSection(SolutionConfigurationPlatforms) = preSolution
		Debug|Any CPU = Debug|Any CPU
		Release|Any CPU = Release|Any CPU
	EndGlobalSection
	GlobalSection(ProjectConfigurationPlatforms) = postSolution
		{99B84553-B1D4-4166-81B7-26F0C16DD309}.Debug|Any CPU.ActiveCfg = Debug|Any CPU
		{99B84553-B1D4-4166-81B7-26F0C16DD309}.Debug|Any CPU.Build.0 = Debug|Any CPU
		{99B84553-B1D4-4166-81B7-26F0C16DD309}.Release|Any CPU.ActiveCfg = Release|Any CPU
		{99B84553-B1D4-4166-81B7-26F0C16DD309}.Release|Any CPU.Build.0 = Release|Any CPU
	EndGlobalSection
EndGlobal
